# This file is automatically @generated by Cargo.
# It is not intended for manual editing.
version = 4

[[package]]
name = "libc"
version = "0.2.186"
source = "registry+https://github.com/rust-lang/crates.io-index"
checksum = "68ab91017fe16c622486840e4c83c9a37afeff978bd239b5293d61ece587de66"

[[package]]
name = "main"
version = "0.0.0"
dependencies = [
 "xj_ctime",
]

[[package]]
name = "xj_ctime"
version = "0.1.1"
source = "registry+https://github.com/rust-lang/crates.io-index"
checksum = "218f83754352e4b67cd9b39c2447db71937b33cd20eca34e21283f0dce5c1dc8"
dependencies = [
 "libc",
]
